// !$*UTF8*$!
{
	archiveVersion = 1;
	classes = {
	};
	objectVersion = 50;
	objects = {

/* Begin PBXBuildFile section */
		85168D2421F4B54A003AD4CC /* LabelWithInput.swift in Sources */ = {isa = PBXBuildFile; fileRef = 85168D2321F4B54A003AD4CC /* LabelWithInput.swift */; };
		851D379121EF2150001D5EC9 /* Localizable.strings in Resources */ = {isa = PBXBuildFile; fileRef = 851D379321EF2150001D5EC9 /* Localizable.strings */; };
		8524C51B21EF605100C155C1 /* APIRequest.swift in Sources */ = {isa = PBXBuildFile; fileRef = 8524C51A21EF605100C155C1 /* APIRequest.swift */; };
		8524C51D21EF60AD00C155C1 /* Result.swift in Sources */ = {isa = PBXBuildFile; fileRef = 8524C51C21EF60AD00C155C1 /* Result.swift */; };
		8558D71921F5E20F00D64F9C /* ViewControllerExtension.swift in Sources */ = {isa = PBXBuildFile; fileRef = 8558D71821F5E20F00D64F9C /* ViewControllerExtension.swift */; };
		858FE9C421EE6CB300EABAA3 /* UsersListPresenter.swift in Sources */ = {isa = PBXBuildFile; fileRef = 858FE9BE21EE6CB300EABAA3 /* UsersListPresenter.swift */; };
		858FE9C521EE6CB300EABAA3 /* UsersListWorker.swift in Sources */ = {isa = PBXBuildFile; fileRef = 858FE9BF21EE6CB300EABAA3 /* UsersListWorker.swift */; };
		858FE9C621EE6CB300EABAA3 /* UsersListRouter.swift in Sources */ = {isa = PBXBuildFile; fileRef = 858FE9C021EE6CB300EABAA3 /* UsersListRouter.swift */; };
		858FE9C721EE6CB300EABAA3 /* UsersListModels.swift in Sources */ = {isa = PBXBuildFile; fileRef = 858FE9C121EE6CB300EABAA3 /* UsersListModels.swift */; };
		858FE9C821EE6CB300EABAA3 /* UsersListViewController.swift in Sources */ = {isa = PBXBuildFile; fileRef = 858FE9C221EE6CB300EABAA3 /* UsersListViewController.swift */; };
		858FE9C921EE6CB300EABAA3 /* UsersListInteractor.swift in Sources */ = {isa = PBXBuildFile; fileRef = 858FE9C321EE6CB300EABAA3 /* UsersListInteractor.swift */; };
		85B5299321F1CC70005A936D /* UserModel.xcdatamodeld in Sources */ = {isa = PBXBuildFile; fileRef = 85B5299121F1CC70005A936D /* UserModel.xcdatamodeld */; };
		85B5299821F1CDCA005A936D /* User+CoreDataClass.swift in Sources */ = {isa = PBXBuildFile; fileRef = 85B5299621F1CDCA005A936D /* User+CoreDataClass.swift */; };
		85B5299921F1CDCA005A936D /* User+CoreDataProperties.swift in Sources */ = {isa = PBXBuildFile; fileRef = 85B5299721F1CDCA005A936D /* User+CoreDataProperties.swift */; };
		85B5299C21F1E8F5005A936D /* UsersStorage.swift in Sources */ = {isa = PBXBuildFile; fileRef = 85B5299B21F1E8F5005A936D /* UsersStorage.swift */; };
		85B5299F21F1E97D005A936D /* CoreDataContainer.swift in Sources */ = {isa = PBXBuildFile; fileRef = 85B5299E21F1E97D005A936D /* CoreDataContainer.swift */; };
		85B529A721F1F71B005A936D /* SavedUsersListPresenter.swift in Sources */ = {isa = PBXBuildFile; fileRef = 85B529A121F1F71B005A936D /* SavedUsersListPresenter.swift */; };
		85B529A821F1F71B005A936D /* SavedUsersListWorker.swift in Sources */ = {isa = PBXBuildFile; fileRef = 85B529A221F1F71B005A936D /* SavedUsersListWorker.swift */; };
		85B529A921F1F71B005A936D /* SavedUsersListRouter.swift in Sources */ = {isa = PBXBuildFile; fileRef = 85B529A321F1F71B005A936D /* SavedUsersListRouter.swift */; };
		85B529AA21F1F71B005A936D /* SavedUsersListModels.swift in Sources */ = {isa = PBXBuildFile; fileRef = 85B529A421F1F71B005A936D /* SavedUsersListModels.swift */; };
		85B529AB21F1F71B005A936D /* SavedUsersListViewController.swift in Sources */ = {isa = PBXBuildFile; fileRef = 85B529A521F1F71B005A936D /* SavedUsersListViewController.swift */; };
		85B529AC21F1F71B005A936D /* SavedUsersListInteractor.swift in Sources */ = {isa = PBXBuildFile; fileRef = 85B529A621F1F71B005A936D /* SavedUsersListInteractor.swift */; };
		85C0C24321F4973F0024907D /* EditUserProfileWorker.swift in Sources */ = {isa = PBXBuildFile; fileRef = 85C0C23D21F4973F0024907D /* EditUserProfileWorker.swift */; };
		85C0C24421F4973F0024907D /* EditUserProfileRouter.swift in Sources */ = {isa = PBXBuildFile; fileRef = 85C0C23E21F4973F0024907D /* EditUserProfileRouter.swift */; };
		85C0C24621F4973F0024907D /* EditUserProfileViewController.swift in Sources */ = {isa = PBXBuildFile; fileRef = 85C0C24021F4973F0024907D /* EditUserProfileViewController.swift */; };
		85C0C24721F4973F0024907D /* EditUserProfileInteractor.swift in Sources */ = {isa = PBXBuildFile; fileRef = 85C0C24121F4973F0024907D /* EditUserProfileInteractor.swift */; };
		85E9542021F0B70100311322 /* RoundedImageView.swift in Sources */ = {isa = PBXBuildFile; fileRef = 85E9541F21F0B70100311322 /* RoundedImageView.swift */; };
		85EDEA5621EE179500BC4907 /* AppDelegate.swift in Sources */ = {isa = PBXBuildFile; fileRef = 85EDEA5521EE179500BC4907 /* AppDelegate.swift */; };
		85EDEA5F21EE179700BC4907 /* Assets.xcassets in Resources */ = {isa = PBXBuildFile; fileRef = 85EDEA5E21EE179700BC4907 /* Assets.xcassets */; };
		85EDEA6221EE179700BC4907 /* LaunchScreen.storyboard in Resources */ = {isa = PBXBuildFile; fileRef = 85EDEA6021EE179700BC4907 /* LaunchScreen.storyboard */; };
		85F6A39521EF480600257203 /* UIView+Install.swift in Sources */ = {isa = PBXBuildFile; fileRef = 85F6A39121EF480500257203 /* UIView+Install.swift */; };
		85F6A39621EF480600257203 /* LayoutObject.swift in Sources */ = {isa = PBXBuildFile; fileRef = 85F6A39221EF480600257203 /* LayoutObject.swift */; };
		85F6A39721EF480600257203 /* UIView+LayoutObject.swift in Sources */ = {isa = PBXBuildFile; fileRef = 85F6A39321EF480600257203 /* UIView+LayoutObject.swift */; };
		85F6A39821EF480600257203 /* LayoutObject+Pinning.swift in Sources */ = {isa = PBXBuildFile; fileRef = 85F6A39421EF480600257203 /* LayoutObject+Pinning.swift */; };
		85F6A39B21EF495600257203 /* UserCell.swift in Sources */ = {isa = PBXBuildFile; fileRef = 85F6A39A21EF495600257203 /* UserCell.swift */; };
		85F6A39E21EF528400257203 /* User.swift in Sources */ = {isa = PBXBuildFile; fileRef = 85F6A39D21EF528400257203 /* User.swift */; };
		9AD6036E248065B9D13DEF9D /* Pods_UsersListApp.framework in Frameworks */ = {isa = PBXBuildFile; fileRef = 179E554EDC1CBA4F03054A3B /* Pods_UsersListApp.framework */; };
/* End PBXBuildFile section */

/* Begin PBXFileReference section */
		16E2D5B7EDDBB2D579BE3731 /* Pods-UsersListApp.debug.xcconfig */ = {isa = PBXFileReference; includeInIndex = 1; lastKnownFileType = text.xcconfig; name = "Pods-UsersListApp.debug.xcconfig"; path = "Pods/Target Support Files/Pods-UsersListApp/Pods-UsersListApp.debug.xcconfig"; sourceTree = "<group>"; };
		179E554EDC1CBA4F03054A3B /* Pods_UsersListApp.framework */ = {isa = PBXFileReference; explicitFileType = wrapper.framework; includeInIndex = 0; path = Pods_UsersListApp.framework; sourceTree = BUILT_PRODUCTS_DIR; };
		85168D2321F4B54A003AD4CC /* LabelWithInput.swift */ = {isa = PBXFileReference; lastKnownFileType = sourcecode.swift; path = LabelWithInput.swift; sourceTree = "<group>"; };
		851D378D21EF20A0001D5EC9 /* ru */ = {isa = PBXFileReference; lastKnownFileType = text.plist.strings; name = ru; path = ru.lproj/LaunchScreen.strings; sourceTree = "<group>"; };
		851D379221EF2150001D5EC9 /* ru */ = {isa = PBXFileReference; lastKnownFileType = text.plist.strings; name = ru; path = ru.lproj/Localizable.strings; sourceTree = "<group>"; };
		851D379421EF21BD001D5EC9 /* en */ = {isa = PBXFileReference; lastKnownFileType = text.plist.strings; name = en; path = en.lproj/Localizable.strings; sourceTree = "<group>"; };
		8524C51A21EF605100C155C1 /* APIRequest.swift */ = {isa = PBXFileReference; lastKnownFileType = sourcecode.swift; path = APIRequest.swift; sourceTree = "<group>"; };
		8524C51C21EF60AD00C155C1 /* Result.swift */ = {isa = PBXFileReference; lastKnownFileType = sourcecode.swift; path = Result.swift; sourceTree = "<group>"; };
		8558D71821F5E20F00D64F9C /* ViewControllerExtension.swift */ = {isa = PBXFileReference; lastKnownFileType = sourcecode.swift; path = ViewControllerExtension.swift; sourceTree = "<group>"; };
		858FE9BE21EE6CB300EABAA3 /* UsersListPresenter.swift */ = {isa = PBXFileReference; lastKnownFileType = sourcecode.swift; path = UsersListPresenter.swift; sourceTree = "<group>"; };
		858FE9BF21EE6CB300EABAA3 /* UsersListWorker.swift */ = {isa = PBXFileReference; lastKnownFileType = sourcecode.swift; path = UsersListWorker.swift; sourceTree = "<group>"; };
		858FE9C021EE6CB300EABAA3 /* UsersListRouter.swift */ = {isa = PBXFileReference; lastKnownFileType = sourcecode.swift; path = UsersListRouter.swift; sourceTree = "<group>"; };
		858FE9C121EE6CB300EABAA3 /* UsersListModels.swift */ = {isa = PBXFileReference; lastKnownFileType = sourcecode.swift; path = UsersListModels.swift; sourceTree = "<group>"; };
		858FE9C221EE6CB300EABAA3 /* UsersListViewController.swift */ = {isa = PBXFileReference; lastKnownFileType = sourcecode.swift; path = UsersListViewController.swift; sourceTree = "<group>"; };
		858FE9C321EE6CB300EABAA3 /* UsersListInteractor.swift */ = {isa = PBXFileReference; lastKnownFileType = sourcecode.swift; path = UsersListInteractor.swift; sourceTree = "<group>"; };
		85B5299221F1CC70005A936D /* UserModel.xcdatamodel */ = {isa = PBXFileReference; lastKnownFileType = wrapper.xcdatamodel; path = UserModel.xcdatamodel; sourceTree = "<group>"; };
		85B5299621F1CDCA005A936D /* User+CoreDataClass.swift */ = {isa = PBXFileReference; fileEncoding = 4; lastKnownFileType = sourcecode.swift; path = "User+CoreDataClass.swift"; sourceTree = "<group>"; };
		85B5299721F1CDCA005A936D /* User+CoreDataProperties.swift */ = {isa = PBXFileReference; fileEncoding = 4; lastKnownFileType = sourcecode.swift; path = "User+CoreDataProperties.swift"; sourceTree = "<group>"; };
		85B5299B21F1E8F5005A936D /* UsersStorage.swift */ = {isa = PBXFileReference; lastKnownFileType = sourcecode.swift; path = UsersStorage.swift; sourceTree = "<group>"; };
		85B5299E21F1E97D005A936D /* CoreDataContainer.swift */ = {isa = PBXFileReference; lastKnownFileType = sourcecode.swift; path = CoreDataContainer.swift; sourceTree = "<group>"; };
		85B529A121F1F71B005A936D /* SavedUsersListPresenter.swift */ = {isa = PBXFileReference; lastKnownFileType = sourcecode.swift; path = SavedUsersListPresenter.swift; sourceTree = "<group>"; };
		85B529A221F1F71B005A936D /* SavedUsersListWorker.swift */ = {isa = PBXFileReference; lastKnownFileType = sourcecode.swift; path = SavedUsersListWorker.swift; sourceTree = "<group>"; };
		85B529A321F1F71B005A936D /* SavedUsersListRouter.swift */ = {isa = PBXFileReference; lastKnownFileType = sourcecode.swift; path = SavedUsersListRouter.swift; sourceTree = "<group>"; };
		85B529A421F1F71B005A936D /* SavedUsersListModels.swift */ = {isa = PBXFileReference; lastKnownFileType = sourcecode.swift; path = SavedUsersListModels.swift; sourceTree = "<group>"; };
		85B529A521F1F71B005A936D /* SavedUsersListViewController.swift */ = {isa = PBXFileReference; lastKnownFileType = sourcecode.swift; path = SavedUsersListViewController.swift; sourceTree = "<group>"; };
		85B529A621F1F71B005A936D /* SavedUsersListInteractor.swift */ = {isa = PBXFileReference; lastKnownFileType = sourcecode.swift; path = SavedUsersListInteractor.swift; sourceTree = "<group>"; };
		85C0C23D21F4973F0024907D /* EditUserProfileWorker.swift */ = {isa = PBXFileReference; lastKnownFileType = sourcecode.swift; path = EditUserProfileWorker.swift; sourceTree = "<group>"; };
		85C0C23E21F4973F0024907D /* EditUserProfileRouter.swift */ = {isa = PBXFileReference; lastKnownFileType = sourcecode.swift; path = EditUserProfileRouter.swift; sourceTree = "<group>"; };
		85C0C24021F4973F0024907D /* EditUserProfileViewController.swift */ = {isa = PBXFileReference; lastKnownFileType = sourcecode.swift; path = EditUserProfileViewController.swift; sourceTree = "<group>"; };
		85C0C24121F4973F0024907D /* EditUserProfileInteractor.swift */ = {isa = PBXFileReference; lastKnownFileType = sourcecode.swift; path = EditUserProfileInteractor.swift; sourceTree = "<group>"; };
		85E9541F21F0B70100311322 /* RoundedImageView.swift */ = {isa = PBXFileReference; lastKnownFileType = sourcecode.swift; path = RoundedImageView.swift; sourceTree = "<group>"; };
		85EDEA5221EE179500BC4907 /* UsersListApp.app */ = {isa = PBXFileReference; explicitFileType = wrapper.application; includeInIndex = 0; path = UsersListApp.app; sourceTree = BUILT_PRODUCTS_DIR; };
		85EDEA5521EE179500BC4907 /* AppDelegate.swift */ = {isa = PBXFileReference; lastKnownFileType = sourcecode.swift; path = AppDelegate.swift; sourceTree = "<group>"; };
		85EDEA5E21EE179700BC4907 /* Assets.xcassets */ = {isa = PBXFileReference; lastKnownFileType = folder.assetcatalog; path = Assets.xcassets; sourceTree = "<group>"; };
		85EDEA6121EE179700BC4907 /* Base */ = {isa = PBXFileReference; lastKnownFileType = file.storyboard; name = Base; path = Base.lproj/LaunchScreen.storyboard; sourceTree = "<group>"; };
		85EDEA6321EE179700BC4907 /* Info.plist */ = {isa = PBXFileReference; lastKnownFileType = text.plist.xml; path = Info.plist; sourceTree = "<group>"; };
		85F6A39121EF480500257203 /* UIView+Install.swift */ = {isa = PBXFileReference; fileEncoding = 4; lastKnownFileType = sourcecode.swift; path = "UIView+Install.swift"; sourceTree = "<group>"; };
		85F6A39221EF480600257203 /* LayoutObject.swift */ = {isa = PBXFileReference; fileEncoding = 4; lastKnownFileType = sourcecode.swift; path = LayoutObject.swift; sourceTree = "<group>"; };
		85F6A39321EF480600257203 /* UIView+LayoutObject.swift */ = {isa = PBXFileReference; fileEncoding = 4; lastKnownFileType = sourcecode.swift; path = "UIView+LayoutObject.swift"; sourceTree = "<group>"; };
		85F6A39421EF480600257203 /* LayoutObject+Pinning.swift */ = {isa = PBXFileReference; fileEncoding = 4; lastKnownFileType = sourcecode.swift; path = "LayoutObject+Pinning.swift"; sourceTree = "<group>"; };
		85F6A39A21EF495600257203 /* UserCell.swift */ = {isa = PBXFileReference; lastKnownFileType = sourcecode.swift; path = UserCell.swift; sourceTree = "<group>"; };
		85F6A39D21EF528400257203 /* User.swift */ = {isa = PBXFileReference; lastKnownFileType = sourcecode.swift; path = User.swift; sourceTree = "<group>"; };
		AE20224B7D178F25F8928539 /* Pods-UsersListApp.release.xcconfig */ = {isa = PBXFileReference; includeInIndex = 1; lastKnownFileType = text.xcconfig; name = "Pods-UsersListApp.release.xcconfig"; path = "Pods/Target Support Files/Pods-UsersListApp/Pods-UsersListApp.release.xcconfig"; sourceTree = "<group>"; };
/* End PBXFileReference section */

/* Begin PBXFrameworksBuildPhase section */
		85EDEA4F21EE179500BC4907 /* Frameworks */ = {
			isa = PBXFrameworksBuildPhase;
			buildActionMask = 2147483647;
			files = (
				9AD6036E248065B9D13DEF9D /* Pods_UsersListApp.framework in Frameworks */,
			);
			runOnlyForDeploymentPostprocessing = 0;
		};
/* End PBXFrameworksBuildPhase section */

/* Begin PBXGroup section */
		4C794C88A8D5FC216D5E888E /* Frameworks */ = {
			isa = PBXGroup;
			children = (
				179E554EDC1CBA4F03054A3B /* Pods_UsersListApp.framework */,
			);
			name = Frameworks;
			sourceTree = "<group>";
		};
		54AF072DEFB0AC0026A45568 /* Pods */ = {
			isa = PBXGroup;
			children = (
				16E2D5B7EDDBB2D579BE3731 /* Pods-UsersListApp.debug.xcconfig */,
				AE20224B7D178F25F8928539 /* Pods-UsersListApp.release.xcconfig */,
			);
			name = Pods;
			sourceTree = "<group>";
		};
		851D378B21EF1565001D5EC9 /* Scenes */ = {
			isa = PBXGroup;
			children = (
				85C0C23B21F497160024907D /* EditUserProfile */,
				85B529A021F1F6B9005A936D /* SaveUsersList */,
				85F6A39921EF48EA00257203 /* Cells */,
				851D378C21EF156C001D5EC9 /* UsersList */,
			);
			path = Scenes;
			sourceTree = "<group>";
		};
		851D378C21EF156C001D5EC9 /* UsersList */ = {
			isa = PBXGroup;
			children = (
				858FE9BE21EE6CB300EABAA3 /* UsersListPresenter.swift */,
				858FE9BF21EE6CB300EABAA3 /* UsersListWorker.swift */,
				858FE9C021EE6CB300EABAA3 /* UsersListRouter.swift */,
				858FE9C121EE6CB300EABAA3 /* UsersListModels.swift */,
				858FE9C221EE6CB300EABAA3 /* UsersListViewController.swift */,
				858FE9C321EE6CB300EABAA3 /* UsersListInteractor.swift */,
			);
			path = UsersList;
			sourceTree = "<group>";
		};
		851D379021EF2136001D5EC9 /* Resources */ = {
			isa = PBXGroup;
			children = (
				85EDEA5E21EE179700BC4907 /* Assets.xcassets */,
				85EDEA6021EE179700BC4907 /* LaunchScreen.storyboard */,
				851D379321EF2150001D5EC9 /* Localizable.strings */,
				85B5299121F1CC70005A936D /* UserModel.xcdatamodeld */,
			);
			path = Resources;
			sourceTree = "<group>";
		};
		851D379521EF4456001D5EC9 /* Utilities */ = {
			isa = PBXGroup;
			children = (
				85168D2321F4B54A003AD4CC /* LabelWithInput.swift */,
				85E9541F21F0B70100311322 /* RoundedImageView.swift */,
				8524C51C21EF60AD00C155C1 /* Result.swift */,
				851D37A021EF4607001D5EC9 /* LayoutPinning */,
			);
			path = Utilities;
			sourceTree = "<group>";
		};
		851D37A021EF4607001D5EC9 /* LayoutPinning */ = {
			isa = PBXGroup;
			children = (
				85F6A39221EF480600257203 /* LayoutObject.swift */,
				85F6A39421EF480600257203 /* LayoutObject+Pinning.swift */,
				85F6A39121EF480500257203 /* UIView+Install.swift */,
				85F6A39321EF480600257203 /* UIView+LayoutObject.swift */,
			);
			path = LayoutPinning;
			sourceTree = "<group>";
		};
		8524C51921EF603B00C155C1 /* Services */ = {
			isa = PBXGroup;
			children = (
				85B5299D21F1E967005A936D /* CoreDataStack */,
				85B5299A21F1E8E2005A936D /* Storages */,
				8524C51A21EF605100C155C1 /* APIRequest.swift */,
			);
			path = Services;
			sourceTree = "<group>";
		};
		85B5299421F1CD77005A936D /* CoreDataEntities */ = {
			isa = PBXGroup;
			children = (
				85B5299721F1CDCA005A936D /* User+CoreDataProperties.swift */,
				85B5299621F1CDCA005A936D /* User+CoreDataClass.swift */,
			);
			path = CoreDataEntities;
			sourceTree = "<group>";
		};
		85B5299521F1CD91005A936D /* DTOs */ = {
			isa = PBXGroup;
			children = (
				85F6A39D21EF528400257203 /* User.swift */,
			);
			path = DTOs;
			sourceTree = "<group>";
		};
		85B5299A21F1E8E2005A936D /* Storages */ = {
			isa = PBXGroup;
			children = (
				85B5299B21F1E8F5005A936D /* UsersStorage.swift */,
			);
			path = Storages;
			sourceTree = "<group>";
		};
		85B5299D21F1E967005A936D /* CoreDataStack */ = {
			isa = PBXGroup;
			children = (
				85B5299E21F1E97D005A936D /* CoreDataContainer.swift */,
			);
			path = CoreDataStack;
			sourceTree = "<group>";
		};
		85B529A021F1F6B9005A936D /* SaveUsersList */ = {
			isa = PBXGroup;
			children = (
				85B529A121F1F71B005A936D /* SavedUsersListPresenter.swift */,
				85B529A221F1F71B005A936D /* SavedUsersListWorker.swift */,
				85B529A321F1F71B005A936D /* SavedUsersListRouter.swift */,
				85B529A421F1F71B005A936D /* SavedUsersListModels.swift */,
				85B529A521F1F71B005A936D /* SavedUsersListViewController.swift */,
				85B529A621F1F71B005A936D /* SavedUsersListInteractor.swift */,
			);
			path = SaveUsersList;
			sourceTree = "<group>";
		};
		85C0C23B21F497160024907D /* EditUserProfile */ = {
			isa = PBXGroup;
			children = (
				85C0C23D21F4973F0024907D /* EditUserProfileWorker.swift */,
				85C0C23E21F4973F0024907D /* EditUserProfileRouter.swift */,
				85C0C24021F4973F0024907D /* EditUserProfileViewController.swift */,
				85C0C24121F4973F0024907D /* EditUserProfileInteractor.swift */,
			);
			path = EditUserProfile;
			sourceTree = "<group>";
		};
		85E9541C21F0B68500311322 /* Extensions */ = {
			isa = PBXGroup;
			children = (
				8558D71821F5E20F00D64F9C /* ViewControllerExtension.swift */,
			);
			path = Extensions;
			sourceTree = "<group>";
		};
		85EDEA4921EE179500BC4907 = {
			isa = PBXGroup;
			children = (
				85EDEA5421EE179500BC4907 /* UsersListApp */,
				85EDEA5321EE179500BC4907 /* Products */,
				54AF072DEFB0AC0026A45568 /* Pods */,
				4C794C88A8D5FC216D5E888E /* Frameworks */,
			);
			sourceTree = "<group>";
		};
		85EDEA5321EE179500BC4907 /* Products */ = {
			isa = PBXGroup;
			children = (
				85EDEA5221EE179500BC4907 /* UsersListApp.app */,
			);
			name = Products;
			sourceTree = "<group>";
		};
		85EDEA5421EE179500BC4907 /* UsersListApp */ = {
			isa = PBXGroup;
			children = (
				85E9541C21F0B68500311322 /* Extensions */,
				8524C51921EF603B00C155C1 /* Services */,
				85F6A39C21EF527800257203 /* Models */,
				851D379521EF4456001D5EC9 /* Utilities */,
				851D379021EF2136001D5EC9 /* Resources */,
				851D378B21EF1565001D5EC9 /* Scenes */,
				85EDEA5521EE179500BC4907 /* AppDelegate.swift */,
				85EDEA6321EE179700BC4907 /* Info.plist */,
			);
			path = UsersListApp;
			sourceTree = "<group>";
		};
		85F6A39921EF48EA00257203 /* Cells */ = {
			isa = PBXGroup;
			children = (
				85F6A39A21EF495600257203 /* UserCell.swift */,
			);
			path = Cells;
			sourceTree = "<group>";
		};
		85F6A39C21EF527800257203 /* Models */ = {
			isa = PBXGroup;
			children = (
				85B5299521F1CD91005A936D /* DTOs */,
				85B5299421F1CD77005A936D /* CoreDataEntities */,
			);
			path = Models;
			sourceTree = "<group>";
		};
/* End PBXGroup section */

/* Begin PBXNativeTarget section */
		85EDEA5121EE179500BC4907 /* UsersListApp */ = {
			isa = PBXNativeTarget;
			buildConfigurationList = 85EDEA6621EE179700BC4907 /* Build configuration list for PBXNativeTarget "UsersListApp" */;
			buildPhases = (
				7364C9598EEA84317E0A0FDC /* [CP] Check Pods Manifest.lock */,
				85EDEA4E21EE179500BC4907 /* Sources */,
				85EDEA4F21EE179500BC4907 /* Frameworks */,
				85EDEA5021EE179500BC4907 /* Resources */,
				EF0BA9002FDA5F5592D17363 /* [CP] Embed Pods Frameworks */,
			);
			buildRules = (
			);
			dependencies = (
			);
			name = UsersListApp;
			productName = UsersListApp;
			productReference = 85EDEA5221EE179500BC4907 /* UsersListApp.app */;
			productType = "com.apple.product-type.application";
		};
/* End PBXNativeTarget section */

/* Begin PBXProject section */
		85EDEA4A21EE179500BC4907 /* Project object */ = {
			isa = PBXProject;
			attributes = {
				LastSwiftUpdateCheck = 1000;
				LastUpgradeCheck = 1000;
				ORGANIZATIONNAME = Fedya;
				TargetAttributes = {
					85EDEA5121EE179500BC4907 = {
						CreatedOnToolsVersion = 10.0;
					};
				};
			};
			buildConfigurationList = 85EDEA4D21EE179500BC4907 /* Build configuration list for PBXProject "UsersListApp" */;
			compatibilityVersion = "Xcode 9.3";
			developmentRegion = en;
			hasScannedForEncodings = 0;
			knownRegions = (
				en,
				Base,
			);
			mainGroup = 85EDEA4921EE179500BC4907;
			productRefGroup = 85EDEA5321EE179500BC4907 /* Products */;
			projectDirPath = "";
			projectRoot = "";
			targets = (
				85EDEA5121EE179500BC4907 /* UsersListApp */,
			);
		};
/* End PBXProject section */

/* Begin PBXResourcesBuildPhase section */
		85EDEA5021EE179500BC4907 /* Resources */ = {
			isa = PBXResourcesBuildPhase;
			buildActionMask = 2147483647;
			files = (
				85EDEA6221EE179700BC4907 /* LaunchScreen.storyboard in Resources */,
				851D379121EF2150001D5EC9 /* Localizable.strings in Resources */,
				85EDEA5F21EE179700BC4907 /* Assets.xcassets in Resources */,
			);
			runOnlyForDeploymentPostprocessing = 0;
		};
/* End PBXResourcesBuildPhase section */

/* Begin PBXShellScriptBuildPhase section */
		7364C9598EEA84317E0A0FDC /* [CP] Check Pods Manifest.lock */ = {
			isa = PBXShellScriptBuildPhase;
			buildActionMask = 2147483647;
			files = (
			);
			inputFileListPaths = (
			);
			inputPaths = (
				"${PODS_PODFILE_DIR_PATH}/Podfile.lock",
				"${PODS_ROOT}/Manifest.lock",
			);
			name = "[CP] Check Pods Manifest.lock";
			outputFileListPaths = (
			);
			outputPaths = (
				"$(DERIVED_FILE_DIR)/Pods-UsersListApp-checkManifestLockResult.txt",
			);
			runOnlyForDeploymentPostprocessing = 0;
			shellPath = /bin/sh;
			shellScript = "diff \"${PODS_PODFILE_DIR_PATH}/Podfile.lock\" \"${PODS_ROOT}/Manifest.lock\" > /dev/null\nif [ $? != 0 ] ; then\n    # print error to STDERR\n    echo \"error: The sandbox is not in sync with the Podfile.lock. Run 'pod install' or update your CocoaPods installation.\" >&2\n    exit 1\nfi\n# This output is used by Xcode 'outputs' to avoid re-running this script phase.\necho \"SUCCESS\" > \"${SCRIPT_OUTPUT_FILE_0}\"\n";
			showEnvVarsInLog = 0;
		};
		EF0BA9002FDA5F5592D17363 /* [CP] Embed Pods Frameworks */ = {
			isa = PBXShellScriptBuildPhase;
			buildActionMask = 2147483647;
			files = (
			);
			inputFileListPaths = (
			);
			inputPaths = (
				"${SRCROOT}/Pods/Target Support Files/Pods-UsersListApp/Pods-UsersListApp-frameworks.sh",
				"${BUILT_PRODUCTS_DIR}/Kingfisher/Kingfisher.framework",
				"${BUILT_PRODUCTS_DIR}/PromiseKit/PromiseKit.framework",
			);
			name = "[CP] Embed Pods Frameworks";
			outputFileListPaths = (
			);
			outputPaths = (
				"${TARGET_BUILD_DIR}/${FRAMEWORKS_FOLDER_PATH}/Kingfisher.framework",
				"${TARGET_BUILD_DIR}/${FRAMEWORKS_FOLDER_PATH}/PromiseKit.framework",
			);
			runOnlyForDeploymentPostprocessing = 0;
			shellPath = /bin/sh;
			shellScript = "\"${SRCROOT}/Pods/Target Support Files/Pods-UsersListApp/Pods-UsersListApp-frameworks.sh\"\n";
			showEnvVarsInLog = 0;
		};
/* End PBXShellScriptBuildPhase section */

/* Begin PBXSourcesBuildPhase section */
		85EDEA4E21EE179500BC4907 /* Sources */ = {
			isa = PBXSourcesBuildPhase;
			buildActionMask = 2147483647;
			files = (
				85E9542021F0B70100311322 /* RoundedImageView.swift in Sources */,
				85F6A39E21EF528400257203 /* User.swift in Sources */,
				85EDEA5621EE179500BC4907 /* AppDelegate.swift in Sources */,
				858FE9C421EE6CB300EABAA3 /* UsersListPresenter.swift in Sources */,
				85F6A39621EF480600257203 /* LayoutObject.swift in Sources */,
				85C0C24421F4973F0024907D /* EditUserProfileRouter.swift in Sources */,
				85B529AB21F1F71B005A936D /* SavedUsersListViewController.swift in Sources */,
				85168D2421F4B54A003AD4CC /* LabelWithInput.swift in Sources */,
				85F6A39521EF480600257203 /* UIView+Install.swift in Sources */,
				85B5299821F1CDCA005A936D /* User+CoreDataClass.swift in Sources */,
				85C0C24621F4973F0024907D /* EditUserProfileViewController.swift in Sources */,
				85F6A39821EF480600257203 /* LayoutObject+Pinning.swift in Sources */,
				8524C51D21EF60AD00C155C1 /* Result.swift in Sources */,
				858FE9C521EE6CB300EABAA3 /* UsersListWorker.swift in Sources */,
				85B5299921F1CDCA005A936D /* User+CoreDataProperties.swift in Sources */,
				85C0C24321F4973F0024907D /* EditUserProfileWorker.swift in Sources */,
				85B5299F21F1E97D005A936D /* CoreDataContainer.swift in Sources */,
				85F6A39721EF480600257203 /* UIView+LayoutObject.swift in Sources */,
				8524C51B21EF605100C155C1 /* APIRequest.swift in Sources */,
				85C0C24721F4973F0024907D /* EditUserProfileInteractor.swift in Sources */,
				858FE9C921EE6CB300EABAA3 /* UsersListInteractor.swift in Sources */,
				8558D71921F5E20F00D64F9C /* ViewControllerExtension.swift in Sources */,
				85B529A821F1F71B005A936D /* SavedUsersListWorker.swift in Sources */,
				85F6A39B21EF495600257203 /* UserCell.swift in Sources */,
				858FE9C621EE6CB300EABAA3 /* UsersListRouter.swift in Sources */,
				85B529AC21F1F71B005A936D /* SavedUsersListInteractor.swift in Sources */,
				85B5299C21F1E8F5005A936D /* UsersStorage.swift in Sources */,
				858FE9C721EE6CB300EABAA3 /* UsersListModels.swift in Sources */,
				85B5299321F1CC70005A936D /* UserModel.xcdatamodeld in Sources */,
				858FE9C821EE6CB300EABAA3 /* UsersListViewController.swift in Sources */,
				85B529AA21F1F71B005A936D /* SavedUsersListModels.swift in Sources */,
				85B529A721F1F71B005A936D /* SavedUsersListPresenter.swift in Sources */,
				85B529A921F1F71B005A936D /* SavedUsersListRouter.swift in Sources */,
			);
			runOnlyForDeploymentPostprocessing = 0;
		};
/* End PBXSourcesBuildPhase section */

/* Begin PBXVariantGroup section */
		851D379321EF2150001D5EC9 /* Localizable.strings */ = {
			isa = PBXVariantGroup;
			children = (
				851D379221EF2150001D5EC9 /* ru */,
				851D379421EF21BD001D5EC9 /* en */,
			);
			name = Localizable.strings;
			sourceTree = "<group>";
		};
		85EDEA6021EE179700BC4907 /* LaunchScreen.storyboard */ = {
			isa = PBXVariantGroup;
			children = (
				85EDEA6121EE179700BC4907 /* Base */,
				851D378D21EF20A0001D5EC9 /* ru */,
			);
			name = LaunchScreen.storyboard;
			sourceTree = "<group>";
		};
/* End PBXVariantGroup section */

/* Begin XCBuildConfiguration section */
		85EDEA6421EE179700BC4907 /* Debug */ = {
			isa = XCBuildConfiguration;
			buildSettings = {
				ALWAYS_SEARCH_USER_PATHS = NO;
				CLANG_ANALYZER_LOCALIZABILITY_NONLOCALIZED = YES;
				CLANG_ANALYZER_NONNULL = YES;
				CLANG_ANALYZER_NUMBER_OBJECT_CONVERSION = YES_AGGRESSIVE;
				CLANG_CXX_LANGUAGE_STANDARD = "gnu++14";
				CLANG_CXX_LIBRARY = "libc++";
				CLANG_ENABLE_MODULES = YES;
				CLANG_ENABLE_OBJC_ARC = YES;
				CLANG_ENABLE_OBJC_WEAK = YES;
				CLANG_WARN_BLOCK_CAPTURE_AUTORELEASING = YES;
				CLANG_WARN_BOOL_CONVERSION = YES;
				CLANG_WARN_COMMA = YES;
				CLANG_WARN_CONSTANT_CONVERSION = YES;
				CLANG_WARN_DEPRECATED_OBJC_IMPLEMENTATIONS = YES;
				CLANG_WARN_DIRECT_OBJC_ISA_USAGE = YES_ERROR;
				CLANG_WARN_DOCUMENTATION_COMMENTS = YES;
				CLANG_WARN_EMPTY_BODY = YES;
				CLANG_WARN_ENUM_CONVERSION = YES;
				CLANG_WARN_INFINITE_RECURSION = YES;
				CLANG_WARN_INT_CONVERSION = YES;
				CLANG_WARN_NON_LITERAL_NULL_CONVERSION = YES;
				CLANG_WARN_OBJC_IMPLICIT_RETAIN_SELF = YES;
				CLANG_WARN_OBJC_LITERAL_CONVERSION = YES;
				CLANG_WARN_OBJC_ROOT_CLASS = YES_ERROR;
				CLANG_WARN_RANGE_LOOP_ANALYSIS = YES;
				CLANG_WARN_STRICT_PROTOTYPES = YES;
				CLANG_WARN_SUSPICIOUS_MOVE = YES;
				CLANG_WARN_UNGUARDED_AVAILABILITY = YES_AGGRESSIVE;
				CLANG_WARN_UNREACHABLE_CODE = YES;
				CLANG_WARN__DUPLICATE_METHOD_MATCH = YES;
				CODE_SIGN_IDENTITY = "iPhone Developer";
				COPY_PHASE_STRIP = NO;
				DEBUG_INFORMATION_FORMAT = dwarf;
				ENABLE_STRICT_OBJC_MSGSEND = YES;
				ENABLE_TESTABILITY = YES;
				GCC_C_LANGUAGE_STANDARD = gnu11;
				GCC_DYNAMIC_NO_PIC = NO;
				GCC_NO_COMMON_BLOCKS = YES;
				GCC_OPTIMIZATION_LEVEL = 0;
				GCC_PREPROCESSOR_DEFINITIONS = (
					"DEBUG=1",
					"$(inherited)",
				);
				GCC_WARN_64_TO_32_BIT_CONVERSION = YES;
				GCC_WARN_ABOUT_RETURN_TYPE = YES_ERROR;
				GCC_WARN_UNDECLARED_SELECTOR = YES;
				GCC_WARN_UNINITIALIZED_AUTOS = YES_AGGRESSIVE;
				GCC_WARN_UNUSED_FUNCTION = YES;
				GCC_WARN_UNUSED_VARIABLE = YES;
				IPHONEOS_DEPLOYMENT_TARGET = 12.0;
				MTL_ENABLE_DEBUG_INFO = INCLUDE_SOURCE;
				MTL_FAST_MATH = YES;
				ONLY_ACTIVE_ARCH = YES;
				SDKROOT = iphoneos;
				SWIFT_ACTIVE_COMPILATION_CONDITIONS = DEBUG;
				SWIFT_OPTIMIZATION_LEVEL = "-Onone";
			};
			name = Debug;
		};
		85EDEA6521EE179700BC4907 /* Release */ = {
			isa = XCBuildConfiguration;
			buildSettings = {
				ALWAYS_SEARCH_USER_PATHS = NO;
				CLANG_ANALYZER_LOCALIZABILITY_NONLOCALIZED = YES;
				CLANG_ANALYZER_NONNULL = YES;
				CLANG_ANALYZER_NUMBER_OBJECT_CONVERSION = YES_AGGRESSIVE;
				CLANG_CXX_LANGUAGE_STANDARD = "gnu++14";
				CLANG_CXX_LIBRARY = "libc++";
				CLANG_ENABLE_MODULES = YES;
				CLANG_ENABLE_OBJC_ARC = YES;
				CLANG_ENABLE_OBJC_WEAK = YES;
				CLANG_WARN_BLOCK_CAPTURE_AUTORELEASING = YES;
				CLANG_WARN_BOOL_CONVERSION = YES;
				CLANG_WARN_COMMA = YES;
				CLANG_WARN_CONSTANT_CONVERSION = YES;
				CLANG_WARN_DEPRECATED_OBJC_IMPLEMENTATIONS = YES;
				CLANG_WARN_DIRECT_OBJC_ISA_USAGE = YES_ERROR;
				CLANG_WARN_DOCUMENTATION_COMMENTS = YES;
				CLANG_WARN_EMPTY_BODY = YES;
				CLANG_WARN_ENUM_CONVERSION = YES;
				CLANG_WARN_INFINITE_RECURSION = YES;
				CLANG_WARN_INT_CONVERSION = YES;
				CLANG_WARN_NON_LITERAL_NULL_CONVERSION = YES;
				CLANG_WARN_OBJC_IMPLICIT_RETAIN_SELF = YES;
				CLANG_WARN_OBJC_LITERAL_CONVERSION = YES;
				CLANG_WARN_OBJC_ROOT_CLASS = YES_ERROR;
				CLANG_WARN_RANGE_LOOP_ANALYSIS = YES;
				CLANG_WARN_STRICT_PROTOTYPES = YES;
				CLANG_WARN_SUSPICIOUS_MOVE = YES;
				CLANG_WARN_UNGUARDED_AVAILABILITY = YES_AGGRESSIVE;
				CLANG_WARN_UNREACHABLE_CODE = YES;
				CLANG_WARN__DUPLICATE_METHOD_MATCH = YES;
				CODE_SIGN_IDENTITY = "iPhone Developer";
				COPY_PHASE_STRIP = NO;
				DEBUG_INFORMATION_FORMAT = "dwarf-with-dsym";
				ENABLE_NS_ASSERTIONS = NO;
				ENABLE_STRICT_OBJC_MSGSEND = YES;
				GCC_C_LANGUAGE_STANDARD = gnu11;
				GCC_NO_COMMON_BLOCKS = YES;
				GCC_WARN_64_TO_32_BIT_CONVERSION = YES;
				GCC_WARN_ABOUT_RETURN_TYPE = YES_ERROR;
				GCC_WARN_UNDECLARED_SELECTOR = YES;
				GCC_WARN_UNINITIALIZED_AUTOS = YES_AGGRESSIVE;
				GCC_WARN_UNUSED_FUNCTION = YES;
				GCC_WARN_UNUSED_VARIABLE = YES;
				IPHONEOS_DEPLOYMENT_TARGET = 12.0;
				MTL_ENABLE_DEBUG_INFO = NO;
				MTL_FAST_MATH = YES;
				SDKROOT = iphoneos;
				SWIFT_COMPILATION_MODE = wholemodule;
				SWIFT_OPTIMIZATION_LEVEL = "-O";
				VALIDATE_PRODUCT = YES;
			};
			name = Release;
		};
		85EDEA6721EE179700BC4907 /* Debug */ = {
			isa = XCBuildConfiguration;
			baseConfigurationReference = 16E2D5B7EDDBB2D579BE3731 /* Pods-UsersListApp.debug.xcconfig */;
			buildSettings = {
				ASSETCATALOG_COMPILER_APPICON_NAME = AppIcon;
				CODE_SIGN_STYLE = Automatic;
				DEVELOPMENT_TEAM = 9W4WJ5QY7E;
				INFOPLIST_FILE = UsersListApp/Info.plist;
				LD_RUNPATH_SEARCH_PATHS = (
					"$(inherited)",
					"@executable_path/Frameworks",
				);
				PRODUCT_BUNDLE_IDENTIFIER = test.UsersListApp;
				PRODUCT_NAME = "$(TARGET_NAME)";
				SWIFT_VERSION = 4.2;
				TARGETED_DEVICE_FAMILY = "1,2";
			};
			name = Debug;
		};
		85EDEA6821EE179700BC4907 /* Release */ = {
			isa = XCBuildConfiguration;
			baseConfigurationReference = AE20224B7D178F25F8928539 /* Pods-UsersListApp.release.xcconfig */;
			buildSettings = {
				ASSETCATALOG_COMPILER_APPICON_NAME = AppIcon;
				CODE_SIGN_STYLE = Automatic;
				DEVELOPMENT_TEAM = 9W4WJ5QY7E;
				INFOPLIST_FILE = UsersListApp/Info.plist;
				LD_RUNPATH_SEARCH_PATHS = (
					"$(inherited)",
					"@executable_path/Frameworks",
				);
				PRODUCT_BUNDLE_IDENTIFIER = test.UsersListApp;
				PRODUCT_NAME = "$(TARGET_NAME)";
				SWIFT_VERSION = 4.2;
				TARGETED_DEVICE_FAMILY = "1,2";
			};
			name = Release;
		};
/* End XCBuildConfiguration section */

/* Begin XCConfigurationList section */
		85EDEA4D21EE179500BC4907 /* Build configuration list for PBXProject "UsersListApp" */ = {
			isa = XCConfigurationList;
			buildConfigurations = (
				85EDEA6421EE179700BC4907 /* Debug */,
				85EDEA6521EE179700BC4907 /* Release */,
			);
			defaultConfigurationIsVisible = 0;
			defaultConfigurationName = Release;
		};
		85EDEA6621EE179700BC4907 /* Build configuration list for PBXNativeTarget "UsersListApp" */ = {
			isa = XCConfigurationList;
			buildConfigurations = (
				85EDEA6721EE179700BC4907 /* Debug */,
				85EDEA6821EE179700BC4907 /* Release */,
			);
			defaultConfigurationIsVisible = 0;
			defaultConfigurationName = Release;
		};
/* End XCConfigurationList section */

/* Begin XCVersionGroup section */
		85B5299121F1CC70005A936D /* UserModel.xcdatamodeld */ = {
			isa = XCVersionGroup;
			children = (
				85B5299221F1CC70005A936D /* UserModel.xcdatamodel */,
			);
			currentVersion = 85B5299221F1CC70005A936D /* UserModel.xcdatamodel */;
			path = UserModel.xcdatamodeld;
			sourceTree = "<group>";
			versionGroupType = wrapper.xcdatamodel;
		};
/* End XCVersionGroup section */
	};
	rootObject = 85EDEA4A21EE179500BC4907 /* Project object */;
}
