// !$*UTF8*$!
{
	archiveVersion = 1;
	classes = {
	};
	objectVersion = 50;
	objects = {

/* Begin PBXBuildFile section */
		851D379121EF2150001D5EC9 /* Localizable.strings in Resources */ = {isa = PBXBuildFile; fileRef = 851D379321EF2150001D5EC9 /* Localizable.strings */; };
		858FE9C421EE6CB300EABAA3 /* UsersListPresenter.swift in Sources */ = {isa = PBXBuildFile; fileRef = 858FE9BE21EE6CB300EABAA3 /* UsersListPresenter.swift */; };
		858FE9C521EE6CB300EABAA3 /* UsersListWorker.swift in Sources */ = {isa = PBXBuildFile; fileRef = 858FE9BF21EE6CB300EABAA3 /* UsersListWorker.swift */; };
		858FE9C621EE6CB300EABAA3 /* UsersListRouter.swift in Sources */ = {isa = PBXBuildFile; fileRef = 858FE9C021EE6CB300EABAA3 /* UsersListRouter.swift */; };
		858FE9C721EE6CB300EABAA3 /* UsersListModels.swift in Sources */ = {isa = PBXBuildFile; fileRef = 858FE9C121EE6CB300EABAA3 /* UsersListModels.swift */; };
		858FE9C821EE6CB300EABAA3 /* UsersListViewController.swift in Sources */ = {isa = PBXBuildFile; fileRef = 858FE9C221EE6CB300EABAA3 /* UsersListViewController.swift */; };
		858FE9C921EE6CB300EABAA3 /* UsersListInteractor.swift in Sources */ = {isa = PBXBuildFile; fileRef = 858FE9C321EE6CB300EABAA3 /* UsersListInteractor.swift */; };
		85EDEA5621EE179500BC4907 /* AppDelegate.swift in Sources */ = {isa = PBXBuildFile; fileRef = 85EDEA5521EE179500BC4907 /* AppDelegate.swift */; };
		85EDEA5F21EE179700BC4907 /* Assets.xcassets in Resources */ = {isa = PBXBuildFile; fileRef = 85EDEA5E21EE179700BC4907 /* Assets.xcassets */; };
		85EDEA6221EE179700BC4907 /* LaunchScreen.storyboard in Resources */ = {isa = PBXBuildFile; fileRef = 85EDEA6021EE179700BC4907 /* LaunchScreen.storyboard */; };
/* End PBXBuildFile section */

/* Begin PBXFileReference section */
		851D378D21EF20A0001D5EC9 /* ru */ = {isa = PBXFileReference; lastKnownFileType = text.plist.strings; name = ru; path = ru.lproj/LaunchScreen.strings; sourceTree = "<group>"; };
		851D379221EF2150001D5EC9 /* ru */ = {isa = PBXFileReference; lastKnownFileType = text.plist.strings; name = ru; path = ru.lproj/Localizable.strings; sourceTree = "<group>"; };
		851D379421EF21BD001D5EC9 /* en */ = {isa = PBXFileReference; lastKnownFileType = text.plist.strings; name = en; path = en.lproj/Localizable.strings; sourceTree = "<group>"; };
		858FE9BE21EE6CB300EABAA3 /* UsersListPresenter.swift */ = {isa = PBXFileReference; lastKnownFileType = sourcecode.swift; path = UsersListPresenter.swift; sourceTree = "<group>"; };
		858FE9BF21EE6CB300EABAA3 /* UsersListWorker.swift */ = {isa = PBXFileReference; lastKnownFileType = sourcecode.swift; path = UsersListWorker.swift; sourceTree = "<group>"; };
		858FE9C021EE6CB300EABAA3 /* UsersListRouter.swift */ = {isa = PBXFileReference; lastKnownFileType = sourcecode.swift; path = UsersListRouter.swift; sourceTree = "<group>"; };
		858FE9C121EE6CB300EABAA3 /* UsersListModels.swift */ = {isa = PBXFileReference; lastKnownFileType = sourcecode.swift; path = UsersListModels.swift; sourceTree = "<group>"; };
		858FE9C221EE6CB300EABAA3 /* UsersListViewController.swift */ = {isa = PBXFileReference; lastKnownFileType = sourcecode.swift; path = UsersListViewController.swift; sourceTree = "<group>"; };
		858FE9C321EE6CB300EABAA3 /* UsersListInteractor.swift */ = {isa = PBXFileReference; lastKnownFileType = sourcecode.swift; path = UsersListInteractor.swift; sourceTree = "<group>"; };
		85EDEA5221EE179500BC4907 /* UsersListApp.app */ = {isa = PBXFileReference; explicitFileType = wrapper.application; includeInIndex = 0; path = UsersListApp.app; sourceTree = BUILT_PRODUCTS_DIR; };
		85EDEA5521EE179500BC4907 /* AppDelegate.swift */ = {isa = PBXFileReference; lastKnownFileType = sourcecode.swift; path = AppDelegate.swift; sourceTree = "<group>"; };
		85EDEA5E21EE179700BC4907 /* Assets.xcassets */ = {isa = PBXFileReference; lastKnownFileType = folder.assetcatalog; path = Assets.xcassets; sourceTree = "<group>"; };
		85EDEA6121EE179700BC4907 /* Base */ = {isa = PBXFileReference; lastKnownFileType = file.storyboard; name = Base; path = Base.lproj/LaunchScreen.storyboard; sourceTree = "<group>"; };
		85EDEA6321EE179700BC4907 /* Info.plist */ = {isa = PBXFileReference; lastKnownFileType = text.plist.xml; path = Info.plist; sourceTree = "<group>"; };
/* End PBXFileReference section */

/* Begin PBXFrameworksBuildPhase section */
		85EDEA4F21EE179500BC4907 /* Frameworks */ = {
			isa = PBXFrameworksBuildPhase;
			buildActionMask = 2147483647;
			files = (
			);
			runOnlyForDeploymentPostprocessing = 0;
		};
/* End PBXFrameworksBuildPhase section */

/* Begin PBXGroup section */
		851D378B21EF1565001D5EC9 /* Scenes */ = {
			isa = PBXGroup;
			children = (
				851D378C21EF156C001D5EC9 /* UsersList */,
			);
			path = Scenes;
			sourceTree = "<group>";
		};
		851D378C21EF156C001D5EC9 /* UsersList */ = {
			isa = PBXGroup;
			children = (
				858FE9BE21EE6CB300EABAA3 /* UsersListPresenter.swift */,
				858FE9BF21EE6CB300EABAA3 /* UsersListWorker.swift */,
				858FE9C021EE6CB300EABAA3 /* UsersListRouter.swift */,
				858FE9C121EE6CB300EABAA3 /* UsersListModels.swift */,
				858FE9C221EE6CB300EABAA3 /* UsersListViewController.swift */,
				858FE9C321EE6CB300EABAA3 /* UsersListInteractor.swift */,
			);
			path = UsersList;
			sourceTree = "<group>";
		};
		851D379021EF2136001D5EC9 /* Resources */ = {
			isa = PBXGroup;
			children = (
				85EDEA5E21EE179700BC4907 /* Assets.xcassets */,
				85EDEA6021EE179700BC4907 /* LaunchScreen.storyboard */,
				851D379321EF2150001D5EC9 /* Localizable.strings */,
			);
			path = Resources;
			sourceTree = "<group>";
		};
		85EDEA4921EE179500BC4907 = {
			isa = PBXGroup;
			children = (
				85EDEA5421EE179500BC4907 /* UsersListApp */,
				85EDEA5321EE179500BC4907 /* Products */,
			);
			sourceTree = "<group>";
		};
		85EDEA5321EE179500BC4907 /* Products */ = {
			isa = PBXGroup;
			children = (
				85EDEA5221EE179500BC4907 /* UsersListApp.app */,
			);
			name = Products;
			sourceTree = "<group>";
		};
		85EDEA5421EE179500BC4907 /* UsersListApp */ = {
			isa = PBXGroup;
			children = (
				851D379021EF2136001D5EC9 /* Resources */,
				851D378B21EF1565001D5EC9 /* Scenes */,
				85EDEA5521EE179500BC4907 /* AppDelegate.swift */,
				85EDEA6321EE179700BC4907 /* Info.plist */,
			);
			path = UsersListApp;
			sourceTree = "<group>";
		};
/* End PBXGroup section */

/* Begin PBXNativeTarget section */
		85EDEA5121EE179500BC4907 /* UsersListApp */ = {
			isa = PBXNativeTarget;
			buildConfigurationList = 85EDEA6621EE179700BC4907 /* Build configuration list for PBXNativeTarget "UsersListApp" */;
			buildPhases = (
				85EDEA4E21EE179500BC4907 /* Sources */,
				85EDEA4F21EE179500BC4907 /* Frameworks */,
				85EDEA5021EE179500BC4907 /* Resources */,
			);
			buildRules = (
			);
			dependencies = (
			);
			name = UsersListApp;
			productName = UsersListApp;
			productReference = 85EDEA5221EE179500BC4907 /* UsersListApp.app */;
			productType = "com.apple.product-type.application";
		};
/* End PBXNativeTarget section */

/* Begin PBXProject section */
		85EDEA4A21EE179500BC4907 /* Project object */ = {
			isa = PBXProject;
			attributes = {
				LastSwiftUpdateCheck = 1000;
				LastUpgradeCheck = 1000;
				ORGANIZATIONNAME = Fedya;
				TargetAttributes = {
					85EDEA5121EE179500BC4907 = {
						CreatedOnToolsVersion = 10.0;
					};
				};
			};
			buildConfigurationList = 85EDEA4D21EE179500BC4907 /* Build configuration list for PBXProject "UsersListApp" */;
			compatibilityVersion = "Xcode 9.3";
			developmentRegion = en;
			hasScannedForEncodings = 0;
			knownRegions = (
				en,
				Base,
			);
			mainGroup = 85EDEA4921EE179500BC4907;
			productRefGroup = 85EDEA5321EE179500BC4907 /* Products */;
			projectDirPath = "";
			projectRoot = "";
			targets = (
				85EDEA5121EE179500BC4907 /* UsersListApp */,
			);
		};
/* End PBXProject section */

/* Begin PBXResourcesBuildPhase section */
		85EDEA5021EE179500BC4907 /* Resources */ = {
			isa = PBXResourcesBuildPhase;
			buildActionMask = 2147483647;
			files = (
				85EDEA6221EE179700BC4907 /* LaunchScreen.storyboard in Resources */,
				851D379121EF2150001D5EC9 /* Localizable.strings in Resources */,
				85EDEA5F21EE179700BC4907 /* Assets.xcassets in Resources */,
			);
			runOnlyForDeploymentPostprocessing = 0;
		};
/* End PBXResourcesBuildPhase section */

/* Begin PBXSourcesBuildPhase section */
		85EDEA4E21EE179500BC4907 /* Sources */ = {
			isa = PBXSourcesBuildPhase;
			buildActionMask = 2147483647;
			files = (
				85EDEA5621EE179500BC4907 /* AppDelegate.swift in Sources */,
				858FE9C421EE6CB300EABAA3 /* UsersListPresenter.swift in Sources */,
				858FE9C521EE6CB300EABAA3 /* UsersListWorker.swift in Sources */,
				858FE9C921EE6CB300EABAA3 /* UsersListInteractor.swift in Sources */,
				858FE9C621EE6CB300EABAA3 /* UsersListRouter.swift in Sources */,
				858FE9C721EE6CB300EABAA3 /* UsersListModels.swift in Sources */,
				858FE9C821EE6CB300EABAA3 /* UsersListViewController.swift in Sources */,
			);
			runOnlyForDeploymentPostprocessing = 0;
		};
/* End PBXSourcesBuildPhase section */

/* Begin PBXVariantGroup section */
		851D379321EF2150001D5EC9 /* Localizable.strings */ = {
			isa = PBXVariantGroup;
			children = (
				851D379221EF2150001D5EC9 /* ru */,
				851D379421EF21BD001D5EC9 /* en */,
			);
			name = Localizable.strings;
			sourceTree = "<group>";
		};
		85EDEA6021EE179700BC4907 /* LaunchScreen.storyboard */ = {
			isa = PBXVariantGroup;
			children = (
				85EDEA6121EE179700BC4907 /* Base */,
				851D378D21EF20A0001D5EC9 /* ru */,
			);
			name = LaunchScreen.storyboard;
			sourceTree = "<group>";
		};
/* End PBXVariantGroup section */

/* Begin XCBuildConfiguration section */
		85EDEA6421EE179700BC4907 /* Debug */ = {
			isa = XCBuildConfiguration;
			buildSettings = {
				ALWAYS_SEARCH_USER_PATHS = NO;
				CLANG_ANALYZER_LOCALIZABILITY_NONLOCALIZED = YES;
				CLANG_ANALYZER_NONNULL = YES;
				CLANG_ANALYZER_NUMBER_OBJECT_CONVERSION = YES_AGGRESSIVE;
				CLANG_CXX_LANGUAGE_STANDARD = "gnu++14";
				CLANG_CXX_LIBRARY = "libc++";
				CLANG_ENABLE_MODULES = YES;
				CLANG_ENABLE_OBJC_ARC = YES;
				CLANG_ENABLE_OBJC_WEAK = YES;
				CLANG_WARN_BLOCK_CAPTURE_AUTORELEASING = YES;
				CLANG_WARN_BOOL_CONVERSION = YES;
				CLANG_WARN_COMMA = YES;
				CLANG_WARN_CONSTANT_CONVERSION = YES;
				CLANG_WARN_DEPRECATED_OBJC_IMPLEMENTATIONS = YES;
				CLANG_WARN_DIRECT_OBJC_ISA_USAGE = YES_ERROR;
				CLANG_WARN_DOCUMENTATION_COMMENTS = YES;
				CLANG_WARN_EMPTY_BODY = YES;
				CLANG_WARN_ENUM_CONVERSION = YES;
				CLANG_WARN_INFINITE_RECURSION = YES;
				CLANG_WARN_INT_CONVERSION = YES;
				CLANG_WARN_NON_LITERAL_NULL_CONVERSION = YES;
				CLANG_WARN_OBJC_IMPLICIT_RETAIN_SELF = YES;
				CLANG_WARN_OBJC_LITERAL_CONVERSION = YES;
				CLANG_WARN_OBJC_ROOT_CLASS = YES_ERROR;
				CLANG_WARN_RANGE_LOOP_ANALYSIS = YES;
				CLANG_WARN_STRICT_PROTOTYPES = YES;
				CLANG_WARN_SUSPICIOUS_MOVE = YES;
				CLANG_WARN_UNGUARDED_AVAILABILITY = YES_AGGRESSIVE;
				CLANG_WARN_UNREACHABLE_CODE = YES;
				CLANG_WARN__DUPLICATE_METHOD_MATCH = YES;
				CODE_SIGN_IDENTITY = "iPhone Developer";
				COPY_PHASE_STRIP = NO;
				DEBUG_INFORMATION_FORMAT = dwarf;
				ENABLE_STRICT_OBJC_MSGSEND = YES;
				ENABLE_TESTABILITY = YES;
				GCC_C_LANGUAGE_STANDARD = gnu11;
				GCC_DYNAMIC_NO_PIC = NO;
				GCC_NO_COMMON_BLOCKS = YES;
				GCC_OPTIMIZATION_LEVEL = 0;
				GCC_PREPROCESSOR_DEFINITIONS = (
					"DEBUG=1",
					"$(inherited)",
				);
				GCC_WARN_64_TO_32_BIT_CONVERSION = YES;
				GCC_WARN_ABOUT_RETURN_TYPE = YES_ERROR;
				GCC_WARN_UNDECLARED_SELECTOR = YES;
				GCC_WARN_UNINITIALIZED_AUTOS = YES_AGGRESSIVE;
				GCC_WARN_UNUSED_FUNCTION = YES;
				GCC_WARN_UNUSED_VARIABLE = YES;
				IPHONEOS_DEPLOYMENT_TARGET = 12.0;
				MTL_ENABLE_DEBUG_INFO = INCLUDE_SOURCE;
				MTL_FAST_MATH = YES;
				ONLY_ACTIVE_ARCH = YES;
				SDKROOT = iphoneos;
				SWIFT_ACTIVE_COMPILATION_CONDITIONS = DEBUG;
				SWIFT_OPTIMIZATION_LEVEL = "-Onone";
			};
			name = Debug;
		};
		85EDEA6521EE179700BC4907 /* Release */ = {
			isa = XCBuildConfiguration;
			buildSettings = {
				ALWAYS_SEARCH_USER_PATHS = NO;
				CLANG_ANALYZER_LOCALIZABILITY_NONLOCALIZED = YES;
				CLANG_ANALYZER_NONNULL = YES;
				CLANG_ANALYZER_NUMBER_OBJECT_CONVERSION = YES_AGGRESSIVE;
				CLANG_CXX_LANGUAGE_STANDARD = "gnu++14";
				CLANG_CXX_LIBRARY = "libc++";
				CLANG_ENABLE_MODULES = YES;
				CLANG_ENABLE_OBJC_ARC = YES;
				CLANG_ENABLE_OBJC_WEAK = YES;
				CLANG_WARN_BLOCK_CAPTURE_AUTORELEASING = YES;
				CLANG_WARN_BOOL_CONVERSION = YES;
				CLANG_WARN_COMMA = YES;
				CLANG_WARN_CONSTANT_CONVERSION = YES;
				CLANG_WARN_DEPRECATED_OBJC_IMPLEMENTATIONS = YES;
				CLANG_WARN_DIRECT_OBJC_ISA_USAGE = YES_ERROR;
				CLANG_WARN_DOCUMENTATION_COMMENTS = YES;
				CLANG_WARN_EMPTY_BODY = YES;
				CLANG_WARN_ENUM_CONVERSION = YES;
				CLANG_WARN_INFINITE_RECURSION = YES;
				CLANG_WARN_INT_CONVERSION = YES;
				CLANG_WARN_NON_LITERAL_NULL_CONVERSION = YES;
				CLANG_WARN_OBJC_IMPLICIT_RETAIN_SELF = YES;
				CLANG_WARN_OBJC_LITERAL_CONVERSION = YES;
				CLANG_WARN_OBJC_ROOT_CLASS = YES_ERROR;
				CLANG_WARN_RANGE_LOOP_ANALYSIS = YES;
				CLANG_WARN_STRICT_PROTOTYPES = YES;
				CLANG_WARN_SUSPICIOUS_MOVE = YES;
				CLANG_WARN_UNGUARDED_AVAILABILITY = YES_AGGRESSIVE;
				CLANG_WARN_UNREACHABLE_CODE = YES;
				CLANG_WARN__DUPLICATE_METHOD_MATCH = YES;
				CODE_SIGN_IDENTITY = "iPhone Developer";
				COPY_PHASE_STRIP = NO;
				DEBUG_INFORMATION_FORMAT = "dwarf-with-dsym";
				ENABLE_NS_ASSERTIONS = NO;
				ENABLE_STRICT_OBJC_MSGSEND = YES;
				GCC_C_LANGUAGE_STANDARD = gnu11;
				GCC_NO_COMMON_BLOCKS = YES;
				GCC_WARN_64_TO_32_BIT_CONVERSION = YES;
				GCC_WARN_ABOUT_RETURN_TYPE = YES_ERROR;
				GCC_WARN_UNDECLARED_SELECTOR = YES;
				GCC_WARN_UNINITIALIZED_AUTOS = YES_AGGRESSIVE;
				GCC_WARN_UNUSED_FUNCTION = YES;
				GCC_WARN_UNUSED_VARIABLE = YES;
				IPHONEOS_DEPLOYMENT_TARGET = 12.0;
				MTL_ENABLE_DEBUG_INFO = NO;
				MTL_FAST_MATH = YES;
				SDKROOT = iphoneos;
				SWIFT_COMPILATION_MODE = wholemodule;
				SWIFT_OPTIMIZATION_LEVEL = "-O";
				VALIDATE_PRODUCT = YES;
			};
			name = Release;
		};
		85EDEA6721EE179700BC4907 /* Debug */ = {
			isa = XCBuildConfiguration;
			buildSettings = {
				ASSETCATALOG_COMPILER_APPICON_NAME = AppIcon;
				CODE_SIGN_STYLE = Automatic;
				DEVELOPMENT_TEAM = 9W4WJ5QY7E;
				INFOPLIST_FILE = UsersListApp/Info.plist;
				LD_RUNPATH_SEARCH_PATHS = (
					"$(inherited)",
					"@executable_path/Frameworks",
				);
				PRODUCT_BUNDLE_IDENTIFIER = test.UsersListApp;
				PRODUCT_NAME = "$(TARGET_NAME)";
				SWIFT_VERSION = 4.2;
				TARGETED_DEVICE_FAMILY = "1,2";
			};
			name = Debug;
		};
		85EDEA6821EE179700BC4907 /* Release */ = {
			isa = XCBuildConfiguration;
			buildSettings = {
				ASSETCATALOG_COMPILER_APPICON_NAME = AppIcon;
				CODE_SIGN_STYLE = Automatic;
				DEVELOPMENT_TEAM = 9W4WJ5QY7E;
				INFOPLIST_FILE = UsersListApp/Info.plist;
				LD_RUNPATH_SEARCH_PATHS = (
					"$(inherited)",
					"@executable_path/Frameworks",
				);
				PRODUCT_BUNDLE_IDENTIFIER = test.UsersListApp;
				PRODUCT_NAME = "$(TARGET_NAME)";
				SWIFT_VERSION = 4.2;
				TARGETED_DEVICE_FAMILY = "1,2";
			};
			name = Release;
		};
/* End XCBuildConfiguration section */

/* Begin XCConfigurationList section */
		85EDEA4D21EE179500BC4907 /* Build configuration list for PBXProject "UsersListApp" */ = {
			isa = XCConfigurationList;
			buildConfigurations = (
				85EDEA6421EE179700BC4907 /* Debug */,
				85EDEA6521EE179700BC4907 /* Release */,
			);
			defaultConfigurationIsVisible = 0;
			defaultConfigurationName = Release;
		};
		85EDEA6621EE179700BC4907 /* Build configuration list for PBXNativeTarget "UsersListApp" */ = {
			isa = XCConfigurationList;
			buildConfigurations = (
				85EDEA6721EE179700BC4907 /* Debug */,
				85EDEA6821EE179700BC4907 /* Release */,
			);
			defaultConfigurationIsVisible = 0;
			defaultConfigurationName = Release;
		};
/* End XCConfigurationList section */
	};
	rootObject = 85EDEA4A21EE179500BC4907 /* Project object */;
}
